{
  "name": "delme",
  "version": "1.0.0",
  "lockfileVersion": 3,
  "requires": true,
  "packages": {
    "": {
      "name": "delme",
      "version": "1.0.0",
      "license": "ISC",
      "dependencies": {
        "my-gpl-package": "^1.0.0"
      }
    },
    "node_modules/my-gpl-package": {
      "version": "1.0.0",
      "resolved": "https://registry.npmjs.org/my-gpl-package/-/my-gpl-package-1.0.0.tgz",
      "integrity": "sha512-sJUG98LflKSkuJjjgqrBzdqFmxHYx6bClqtSiAFHaIAew8H3k6ZcVSo14IqSRoPdm8kxxOcBdwq56cY+9BDKYQ==",
      "license": "GPL-2.0"
    }
  }
}
